
Microsoft Visual Studio Solution File, Format Version 12.00
# Visual Studio Version 17
VisualStudioVersion = 17.3.32929.385
MinimumVisualStudioVersion = 10.0.40219.1
Project("{FAE04EC0-301F-11D3-BF4B-00C04F79EFBC}") = "Day23_AddressBook(UC1-UC7)", "Day23_AddressBook(UC1-UC7).csproj", "{E65F00F0-4C42-46A1-8CBD-01A180D5C08C}"
EndProject
Global
	GlobalSection(SolutionConfigurationPlatforms) = preSolution
		Debug|Any CPU = Debug|Any CPU
		Release|Any CPU = Release|Any CPU
	EndGlobalSection
	GlobalSection(ProjectConfigurationPlatforms) = postSolution
		{E65F00F0-4C42-46A1-8CBD-01A180D5C08C}.Debug|Any CPU.ActiveCfg = Debug|Any CPU
		{E65F00F0-4C42-46A1-8CBD-01A180D5C08C}.Debug|Any CPU.Build.0 = Debug|Any CPU
		{E65F00F0-4C42-46A1-8CBD-01A180D5C08C}.Release|Any CPU.ActiveCfg = Release|Any CPU
		{E65F00F0-4C42-46A1-8CBD-01A180D5C08C}.Release|Any CPU.Build.0 = Release|Any CPU
	EndGlobalSection
	GlobalSection(SolutionProperties) = preSolution
		HideSolutionNode = FALSE
	EndGlobalSection
	GlobalSection(ExtensibilityGlobals) = postSolution
		SolutionGuid = {35FF3E55-B883-4EA5-8765-384674018915}
	EndGlobalSection
EndGlobal
